
Microsoft Visual Studio Solution File, Format Version 12.00
# Visual Studio 2015
Project("{FAE04EC0-301F-11D3-BF4B-00C04F79EFBC}") = "Grid.CSharp.Plugins", "Grid.CSharp.Plugins.csproj", "{811653DE-A9A5-737F-2CAB-005D7F77D0C0}"
EndProject
Project("{FAE04EC0-301F-11D3-BF4B-00C04F79EFBC}") = "Grid.CSharp", "Grid.CSharp.csproj", "{4C501143-FE63-0AD4-096F-2723DDE3DD76}"
EndProject
Project("{FAE04EC0-301F-11D3-BF4B-00C04F79EFBC}") = "Grid.CSharp.Editor", "Grid.CSharp.Editor.csproj", "{1A76E86A-BC82-28EA-8479-B20B91C652B5}"
EndProject
Global
	GlobalSection(SolutionConfigurationPlatforms) = preSolution
		Debug|Any CPU = Debug|Any CPU
		Release|Any CPU = Release|Any CPU
	EndGlobalSection
	GlobalSection(ProjectConfigurationPlatforms) = postSolution
		{811653DE-A9A5-737F-2CAB-005D7F77D0C0}.Debug|Any CPU.ActiveCfg = Debug|Any CPU
		{811653DE-A9A5-737F-2CAB-005D7F77D0C0}.Debug|Any CPU.Build.0 = Debug|Any CPU
		{811653DE-A9A5-737F-2CAB-005D7F77D0C0}.Release|Any CPU.ActiveCfg = Release|Any CPU
		{811653DE-A9A5-737F-2CAB-005D7F77D0C0}.Release|Any CPU.Build.0 = Release|Any CPU
		{4C501143-FE63-0AD4-096F-2723DDE3DD76}.Debug|Any CPU.ActiveCfg = Debug|Any CPU
		{4C501143-FE63-0AD4-096F-2723DDE3DD76}.Debug|Any CPU.Build.0 = Debug|Any CPU
		{4C501143-FE63-0AD4-096F-2723DDE3DD76}.Release|Any CPU.ActiveCfg = Release|Any CPU
		{4C501143-FE63-0AD4-096F-2723DDE3DD76}.Release|Any CPU.Build.0 = Release|Any CPU
		{1A76E86A-BC82-28EA-8479-B20B91C652B5}.Debug|Any CPU.ActiveCfg = Debug|Any CPU
		{1A76E86A-BC82-28EA-8479-B20B91C652B5}.Debug|Any CPU.Build.0 = Debug|Any CPU
		{1A76E86A-BC82-28EA-8479-B20B91C652B5}.Release|Any CPU.ActiveCfg = Release|Any CPU
		{1A76E86A-BC82-28EA-8479-B20B91C652B5}.Release|Any CPU.Build.0 = Release|Any CPU
	EndGlobalSection
	GlobalSection(SolutionProperties) = preSolution
		HideSolutionNode = FALSE
	EndGlobalSection
EndGlobal
